
Microsoft Visual Studio Solution File, Format Version 12.00
# Visual Studio 15
VisualStudioVersion = 15.0.28010.2016
MinimumVisualStudioVersion = 10.0.40219.1
Project("{8BC9CEB8-8B4A-11D0-8D11-00A0C91BC942}") = "Test", "Test\Test.vcxproj", "{56359025-9A92-415D-A6D3-51E8F73A1288}"
EndProject
Global
	GlobalSection(SolutionConfigurationPlatforms) = preSolution
		Debug|x64 = Debug|x64
		Debug|x86 = Debug|x86
		Release|x64 = Release|x64
		Release|x86 = Release|x86
	EndGlobalSection
	GlobalSection(ProjectConfigurationPlatforms) = postSolution
		{56359025-9A92-415D-A6D3-51E8F73A1288}.Debug|x64.ActiveCfg = Debug|x64
		{56359025-9A92-415D-A6D3-51E8F73A1288}.Debug|x64.Build.0 = Debug|x64
		{56359025-9A92-415D-A6D3-51E8F73A1288}.Debug|x86.ActiveCfg = Debug|Win32
		{56359025-9A92-415D-A6D3-51E8F73A1288}.Debug|x86.Build.0 = Debug|Win32
		{56359025-9A92-415D-A6D3-51E8F73A1288}.Release|x64.ActiveCfg = Release|x64
		{56359025-9A92-415D-A6D3-51E8F73A1288}.Release|x64.Build.0 = Release|x64
		{56359025-9A92-415D-A6D3-51E8F73A1288}.Release|x86.ActiveCfg = Release|Win32
		{56359025-9A92-415D-A6D3-51E8F73A1288}.Release|x86.Build.0 = Release|Win32
	EndGlobalSection
	GlobalSection(SolutionProperties) = preSolution
		HideSolutionNode = FALSE
	EndGlobalSection
	GlobalSection(ExtensibilityGlobals) = postSolution
		SolutionGuid = {9C5AE503-6AD9-4B76-8356-489107798C0A}
	EndGlobalSection
EndGlobal
